// !$*UTF8*$!
{
	archiveVersion = 1;
	classes = {
	};
	objectVersion = 56;
	objects = {

/* Begin PBXBuildFile section */
		152A2B422993A83C00007A42 /* AppDelegate.swift in Sources */ = {isa = PBXBuildFile; fileRef = 152A2B412993A83C00007A42 /* AppDelegate.swift */; };
		152A2B442993A83C00007A42 /* SceneDelegate.swift in Sources */ = {isa = PBXBuildFile; fileRef = 152A2B432993A83C00007A42 /* SceneDelegate.swift */; };
		152A2B492993A83C00007A42 /* Main.storyboard in Resources */ = {isa = PBXBuildFile; fileRef = 152A2B472993A83C00007A42 /* Main.storyboard */; };
		152A2B4B2993A83E00007A42 /* Assets.xcassets in Resources */ = {isa = PBXBuildFile; fileRef = 152A2B4A2993A83E00007A42 /* Assets.xcassets */; };
		152A2B4E2993A83E00007A42 /* LaunchScreen.storyboard in Resources */ = {isa = PBXBuildFile; fileRef = 152A2B4C2993A83E00007A42 /* LaunchScreen.storyboard */; };
		152A2B562993AE3400007A42 /* firstVc.swift in Sources */ = {isa = PBXBuildFile; fileRef = 152A2B552993AE3400007A42 /* firstVc.swift */; };
		152A2B582993AE4800007A42 /* secondVc.swift in Sources */ = {isa = PBXBuildFile; fileRef = 152A2B572993AE4800007A42 /* secondVc.swift */; };
		152A2B5A2993AE5600007A42 /* thirdVc.swift in Sources */ = {isa = PBXBuildFile; fileRef = 152A2B592993AE5600007A42 /* thirdVc.swift */; };
		152A2B5C2993AEBE00007A42 /* ViewController.swift in Sources */ = {isa = PBXBuildFile; fileRef = 152A2B5B2993AEBE00007A42 /* ViewController.swift */; };
		1531C4E02994D9390028EA41 /* animateViewController.swift in Sources */ = {isa = PBXBuildFile; fileRef = 1531C4DF2994D9390028EA41 /* animateViewController.swift */; };
		1531C4E22994DB310028EA41 /* messageTableCell.swift in Sources */ = {isa = PBXBuildFile; fileRef = 1531C4E12994DB310028EA41 /* messageTableCell.swift */; };
		1531C4E42995112B0028EA41 /* Animator.swift in Sources */ = {isa = PBXBuildFile; fileRef = 1531C4E32995112B0028EA41 /* Animator.swift */; };
/* End PBXBuildFile section */

/* Begin PBXFileReference section */
		152A2B3E2993A83C00007A42 /* dataPassTableView.app */ = {isa = PBXFileReference; explicitFileType = wrapper.application; includeInIndex = 0; path = dataPassTableView.app; sourceTree = BUILT_PRODUCTS_DIR; };
		152A2B412993A83C00007A42 /* AppDelegate.swift */ = {isa = PBXFileReference; lastKnownFileType = sourcecode.swift; path = AppDelegate.swift; sourceTree = "<group>"; };
		152A2B432993A83C00007A42 /* SceneDelegate.swift */ = {isa = PBXFileReference; lastKnownFileType = sourcecode.swift; path = SceneDelegate.swift; sourceTree = "<group>"; };
		152A2B482993A83C00007A42 /* Base */ = {isa = PBXFileReference; lastKnownFileType = file.storyboard; name = Base; path = Base.lproj/Main.storyboard; sourceTree = "<group>"; };
		152A2B4A2993A83E00007A42 /* Assets.xcassets */ = {isa = PBXFileReference; lastKnownFileType = folder.assetcatalog; path = Assets.xcassets; sourceTree = "<group>"; };
		152A2B4D2993A83E00007A42 /* Base */ = {isa = PBXFileReference; lastKnownFileType = file.storyboard; name = Base; path = Base.lproj/LaunchScreen.storyboard; sourceTree = "<group>"; };
		152A2B4F2993A83E00007A42 /* Info.plist */ = {isa = PBXFileReference; lastKnownFileType = text.plist.xml; path = Info.plist; sourceTree = "<group>"; };
		152A2B552993AE3400007A42 /* firstVc.swift */ = {isa = PBXFileReference; lastKnownFileType = sourcecode.swift; path = firstVc.swift; sourceTree = "<group>"; };
		152A2B572993AE4800007A42 /* secondVc.swift */ = {isa = PBXFileReference; lastKnownFileType = sourcecode.swift; path = secondVc.swift; sourceTree = "<group>"; };
		152A2B592993AE5600007A42 /* thirdVc.swift */ = {isa = PBXFileReference; lastKnownFileType = sourcecode.swift; path = thirdVc.swift; sourceTree = "<group>"; };
		152A2B5B2993AEBE00007A42 /* ViewController.swift */ = {isa = PBXFileReference; fileEncoding = 4; lastKnownFileType = sourcecode.swift; path = ViewController.swift; sourceTree = "<group>"; };
		1531C4DF2994D9390028EA41 /* animateViewController.swift */ = {isa = PBXFileReference; lastKnownFileType = sourcecode.swift; path = animateViewController.swift; sourceTree = "<group>"; };
		1531C4E12994DB310028EA41 /* messageTableCell.swift */ = {isa = PBXFileReference; lastKnownFileType = sourcecode.swift; path = messageTableCell.swift; sourceTree = "<group>"; };
		1531C4E32995112B0028EA41 /* Animator.swift */ = {isa = PBXFileReference; fileEncoding = 4; lastKnownFileType = sourcecode.swift; path = Animator.swift; sourceTree = "<group>"; };
/* End PBXFileReference section */

/* Begin PBXFrameworksBuildPhase section */
		152A2B3B2993A83C00007A42 /* Frameworks */ = {
			isa = PBXFrameworksBuildPhase;
			buildActionMask = 2147483647;
			files = (
			);
			runOnlyForDeploymentPostprocessing = 0;
		};
/* End PBXFrameworksBuildPhase section */

/* Begin PBXGroup section */
		152A2B352993A83C00007A42 = {
			isa = PBXGroup;
			children = (
				152A2B402993A83C00007A42 /* dataPassTableView */,
				152A2B3F2993A83C00007A42 /* Products */,
			);
			sourceTree = "<group>";
		};
		152A2B3F2993A83C00007A42 /* Products */ = {
			isa = PBXGroup;
			children = (
				152A2B3E2993A83C00007A42 /* dataPassTableView.app */,
			);
			name = Products;
			sourceTree = "<group>";
		};
		152A2B402993A83C00007A42 /* dataPassTableView */ = {
			isa = PBXGroup;
			children = (
				152A2B412993A83C00007A42 /* AppDelegate.swift */,
				152A2B432993A83C00007A42 /* SceneDelegate.swift */,
				1531C4E32995112B0028EA41 /* Animator.swift */,
				152A2B472993A83C00007A42 /* Main.storyboard */,
				152A2B552993AE3400007A42 /* firstVc.swift */,
				152A2B572993AE4800007A42 /* secondVc.swift */,
				152A2B592993AE5600007A42 /* thirdVc.swift */,
				152A2B5B2993AEBE00007A42 /* ViewController.swift */,
				1531C4DF2994D9390028EA41 /* animateViewController.swift */,
				1531C4E12994DB310028EA41 /* messageTableCell.swift */,
				152A2B4A2993A83E00007A42 /* Assets.xcassets */,
				152A2B4C2993A83E00007A42 /* LaunchScreen.storyboard */,
				152A2B4F2993A83E00007A42 /* Info.plist */,
			);
			path = dataPassTableView;
			sourceTree = "<group>";
		};
/* End PBXGroup section */

/* Begin PBXNativeTarget section */
		152A2B3D2993A83C00007A42 /* dataPassTableView */ = {
			isa = PBXNativeTarget;
			buildConfigurationList = 152A2B522993A83E00007A42 /* Build configuration list for PBXNativeTarget "dataPassTableView" */;
			buildPhases = (
				152A2B3A2993A83C00007A42 /* Sources */,
				152A2B3B2993A83C00007A42 /* Frameworks */,
				152A2B3C2993A83C00007A42 /* Resources */,
			);
			buildRules = (
			);
			dependencies = (
			);
			name = dataPassTableView;
			productName = dataPassTableView;
			productReference = 152A2B3E2993A83C00007A42 /* dataPassTableView.app */;
			productType = "com.apple.product-type.application";
		};
/* End PBXNativeTarget section */

/* Begin PBXProject section */
		152A2B362993A83C00007A42 /* Project object */ = {
			isa = PBXProject;
			attributes = {
				BuildIndependentTargetsInParallel = 1;
				LastSwiftUpdateCheck = 1410;
				LastUpgradeCheck = 1410;
				TargetAttributes = {
					152A2B3D2993A83C00007A42 = {
						CreatedOnToolsVersion = 14.1;
					};
				};
			};
			buildConfigurationList = 152A2B392993A83C00007A42 /* Build configuration list for PBXProject "dataPassTableView" */;
			compatibilityVersion = "Xcode 14.0";
			developmentRegion = en;
			hasScannedForEncodings = 0;
			knownRegions = (
				en,
				Base,
			);
			mainGroup = 152A2B352993A83C00007A42;
			productRefGroup = 152A2B3F2993A83C00007A42 /* Products */;
			projectDirPath = "";
			projectRoot = "";
			targets = (
				152A2B3D2993A83C00007A42 /* dataPassTableView */,
			);
		};
/* End PBXProject section */

/* Begin PBXResourcesBuildPhase section */
		152A2B3C2993A83C00007A42 /* Resources */ = {
			isa = PBXResourcesBuildPhase;
			buildActionMask = 2147483647;
			files = (
				152A2B4E2993A83E00007A42 /* LaunchScreen.storyboard in Resources */,
				152A2B4B2993A83E00007A42 /* Assets.xcassets in Resources */,
				152A2B492993A83C00007A42 /* Main.storyboard in Resources */,
			);
			runOnlyForDeploymentPostprocessing = 0;
		};
/* End PBXResourcesBuildPhase section */

/* Begin PBXSourcesBuildPhase section */
		152A2B3A2993A83C00007A42 /* Sources */ = {
			isa = PBXSourcesBuildPhase;
			buildActionMask = 2147483647;
			files = (
				1531C4E02994D9390028EA41 /* animateViewController.swift in Sources */,
				152A2B5C2993AEBE00007A42 /* ViewController.swift in Sources */,
				152A2B5A2993AE5600007A42 /* thirdVc.swift in Sources */,
				152A2B422993A83C00007A42 /* AppDelegate.swift in Sources */,
				152A2B442993A83C00007A42 /* SceneDelegate.swift in Sources */,
				152A2B582993AE4800007A42 /* secondVc.swift in Sources */,
				1531C4E42995112B0028EA41 /* Animator.swift in Sources */,
				1531C4E22994DB310028EA41 /* messageTableCell.swift in Sources */,
				152A2B562993AE3400007A42 /* firstVc.swift in Sources */,
			);
			runOnlyForDeploymentPostprocessing = 0;
		};
/* End PBXSourcesBuildPhase section */

/* Begin PBXVariantGroup section */
		152A2B472993A83C00007A42 /* Main.storyboard */ = {
			isa = PBXVariantGroup;
			children = (
				152A2B482993A83C00007A42 /* Base */,
			);
			name = Main.storyboard;
			sourceTree = "<group>";
		};
		152A2B4C2993A83E00007A42 /* LaunchScreen.storyboard */ = {
			isa = PBXVariantGroup;
			children = (
				152A2B4D2993A83E00007A42 /* Base */,
			);
			name = LaunchScreen.storyboard;
			sourceTree = "<group>";
		};
/* End PBXVariantGroup section */

/* Begin XCBuildConfiguration section */
		152A2B502993A83E00007A42 /* Debug */ = {
			isa = XCBuildConfiguration;
			buildSettings = {
				ALWAYS_SEARCH_USER_PATHS = NO;
				CLANG_ANALYZER_NONNULL = YES;
				CLANG_ANALYZER_NUMBER_OBJECT_CONVERSION = YES_AGGRESSIVE;
				CLANG_CXX_LANGUAGE_STANDARD = "gnu++20";
				CLANG_ENABLE_MODULES = YES;
				CLANG_ENABLE_OBJC_ARC = YES;
				CLANG_ENABLE_OBJC_WEAK = YES;
				CLANG_WARN_BLOCK_CAPTURE_AUTORELEASING = YES;
				CLANG_WARN_BOOL_CONVERSION = YES;
				CLANG_WARN_COMMA = YES;
				CLANG_WARN_CONSTANT_CONVERSION = YES;
				CLANG_WARN_DEPRECATED_OBJC_IMPLEMENTATIONS = YES;
				CLANG_WARN_DIRECT_OBJC_ISA_USAGE = YES_ERROR;
				CLANG_WARN_DOCUMENTATION_COMMENTS = YES;
				CLANG_WARN_EMPTY_BODY = YES;
				CLANG_WARN_ENUM_CONVERSION = YES;
				CLANG_WARN_INFINITE_RECURSION = YES;
				CLANG_WARN_INT_CONVERSION = YES;
				CLANG_WARN_NON_LITERAL_NULL_CONVERSION = YES;
				CLANG_WARN_OBJC_IMPLICIT_RETAIN_SELF = YES;
				CLANG_WARN_OBJC_LITERAL_CONVERSION = YES;
				CLANG_WARN_OBJC_ROOT_CLASS = YES_ERROR;
				CLANG_WARN_QUOTED_INCLUDE_IN_FRAMEWORK_HEADER = YES;
				CLANG_WARN_RANGE_LOOP_ANALYSIS = YES;
				CLANG_WARN_STRICT_PROTOTYPES = YES;
				CLANG_WARN_SUSPICIOUS_MOVE = YES;
				CLANG_WARN_UNGUARDED_AVAILABILITY = YES_AGGRESSIVE;
				CLANG_WARN_UNREACHABLE_CODE = YES;
				CLANG_WARN__DUPLICATE_METHOD_MATCH = YES;
				COPY_PHASE_STRIP = NO;
				DEBUG_INFORMATION_FORMAT = dwarf;
				ENABLE_STRICT_OBJC_MSGSEND = YES;
				ENABLE_TESTABILITY = YES;
				GCC_C_LANGUAGE_STANDARD = gnu11;
				GCC_DYNAMIC_NO_PIC = NO;
				GCC_NO_COMMON_BLOCKS = YES;
				GCC_OPTIMIZATION_LEVEL = 0;
				GCC_PREPROCESSOR_DEFINITIONS = (
					"DEBUG=1",
					"$(inherited)",
				);
				GCC_WARN_64_TO_32_BIT_CONVERSION = YES;
				GCC_WARN_ABOUT_RETURN_TYPE = YES_ERROR;
				GCC_WARN_UNDECLARED_SELECTOR = YES;
				GCC_WARN_UNINITIALIZED_AUTOS = YES_AGGRESSIVE;
				GCC_WARN_UNUSED_FUNCTION = YES;
				GCC_WARN_UNUSED_VARIABLE = YES;
				IPHONEOS_DEPLOYMENT_TARGET = 16.1;
				MTL_ENABLE_DEBUG_INFO = INCLUDE_SOURCE;
				MTL_FAST_MATH = YES;
				ONLY_ACTIVE_ARCH = YES;
				SDKROOT = iphoneos;
				SWIFT_ACTIVE_COMPILATION_CONDITIONS = DEBUG;
				SWIFT_OPTIMIZATION_LEVEL = "-Onone";
			};
			name = Debug;
		};
		152A2B512993A83E00007A42 /* Release */ = {
			isa = XCBuildConfiguration;
			buildSettings = {
				ALWAYS_SEARCH_USER_PATHS = NO;
				CLANG_ANALYZER_NONNULL = YES;
				CLANG_ANALYZER_NUMBER_OBJECT_CONVERSION = YES_AGGRESSIVE;
				CLANG_CXX_LANGUAGE_STANDARD = "gnu++20";
				CLANG_ENABLE_MODULES = YES;
				CLANG_ENABLE_OBJC_ARC = YES;
				CLANG_ENABLE_OBJC_WEAK = YES;
				CLANG_WARN_BLOCK_CAPTURE_AUTORELEASING = YES;
				CLANG_WARN_BOOL_CONVERSION = YES;
				CLANG_WARN_COMMA = YES;
				CLANG_WARN_CONSTANT_CONVERSION = YES;
				CLANG_WARN_DEPRECATED_OBJC_IMPLEMENTATIONS = YES;
				CLANG_WARN_DIRECT_OBJC_ISA_USAGE = YES_ERROR;
				CLANG_WARN_DOCUMENTATION_COMMENTS = YES;
				CLANG_WARN_EMPTY_BODY = YES;
				CLANG_WARN_ENUM_CONVERSION = YES;
				CLANG_WARN_INFINITE_RECURSION = YES;
				CLANG_WARN_INT_CONVERSION = YES;
				CLANG_WARN_NON_LITERAL_NULL_CONVERSION = YES;
				CLANG_WARN_OBJC_IMPLICIT_RETAIN_SELF = YES;
				CLANG_WARN_OBJC_LITERAL_CONVERSION = YES;
				CLANG_WARN_OBJC_ROOT_CLASS = YES_ERROR;
				CLANG_WARN_QUOTED_INCLUDE_IN_FRAMEWORK_HEADER = YES;
				CLANG_WARN_RANGE_LOOP_ANALYSIS = YES;
				CLANG_WARN_STRICT_PROTOTYPES = YES;
				CLANG_WARN_SUSPICIOUS_MOVE = YES;
				CLANG_WARN_UNGUARDED_AVAILABILITY = YES_AGGRESSIVE;
				CLANG_WARN_UNREACHABLE_CODE = YES;
				CLANG_WARN__DUPLICATE_METHOD_MATCH = YES;
				COPY_PHASE_STRIP = NO;
				DEBUG_INFORMATION_FORMAT = "dwarf-with-dsym";
				ENABLE_NS_ASSERTIONS = NO;
				ENABLE_STRICT_OBJC_MSGSEND = YES;
				GCC_C_LANGUAGE_STANDARD = gnu11;
				GCC_NO_COMMON_BLOCKS = YES;
				GCC_WARN_64_TO_32_BIT_CONVERSION = YES;
				GCC_WARN_ABOUT_RETURN_TYPE = YES_ERROR;
				GCC_WARN_UNDECLARED_SELECTOR = YES;
				GCC_WARN_UNINITIALIZED_AUTOS = YES_AGGRESSIVE;
				GCC_WARN_UNUSED_FUNCTION = YES;
				GCC_WARN_UNUSED_VARIABLE = YES;
				IPHONEOS_DEPLOYMENT_TARGET = 16.1;
				MTL_ENABLE_DEBUG_INFO = NO;
				MTL_FAST_MATH = YES;
				SDKROOT = iphoneos;
				SWIFT_COMPILATION_MODE = wholemodule;
				SWIFT_OPTIMIZATION_LEVEL = "-O";
				VALIDATE_PRODUCT = YES;
			};
			name = Release;
		};
		152A2B532993A83E00007A42 /* Debug */ = {
			isa = XCBuildConfiguration;
			buildSettings = {
				ASSETCATALOG_COMPILER_APPICON_NAME = AppIcon;
				ASSETCATALOG_COMPILER_GLOBAL_ACCENT_COLOR_NAME = AccentColor;
				CODE_SIGN_STYLE = Automatic;
				CURRENT_PROJECT_VERSION = 1;
				DEVELOPMENT_TEAM = 37D4SXVKKL;
				GENERATE_INFOPLIST_FILE = YES;
				INFOPLIST_FILE = dataPassTableView/Info.plist;
				INFOPLIST_KEY_UIApplicationSupportsIndirectInputEvents = YES;
				INFOPLIST_KEY_UILaunchStoryboardName = LaunchScreen;
				INFOPLIST_KEY_UIMainStoryboardFile = Main;
				INFOPLIST_KEY_UISupportedInterfaceOrientations_iPad = "UIInterfaceOrientationPortrait UIInterfaceOrientationPortraitUpsideDown UIInterfaceOrientationLandscapeLeft UIInterfaceOrientationLandscapeRight";
				INFOPLIST_KEY_UISupportedInterfaceOrientations_iPhone = "UIInterfaceOrientationPortrait UIInterfaceOrientationLandscapeLeft UIInterfaceOrientationLandscapeRight";
				IPHONEOS_DEPLOYMENT_TARGET = 15.0;
				LD_RUNPATH_SEARCH_PATHS = (
					"$(inherited)",
					"@executable_path/Frameworks",
				);
				MARKETING_VERSION = 1.0;
				PRODUCT_BUNDLE_IDENTIFIER = "PEPUL-TECH-PRIVATE-LIMITED.dataPassTableView";
				PRODUCT_NAME = "$(TARGET_NAME)";
				SWIFT_EMIT_LOC_STRINGS = YES;
				SWIFT_VERSION = 5.0;
				TARGETED_DEVICE_FAMILY = "1,2";
			};
			name = Debug;
		};
		152A2B542993A83E00007A42 /* Release */ = {
			isa = XCBuildConfiguration;
			buildSettings = {
				ASSETCATALOG_COMPILER_APPICON_NAME = AppIcon;
				ASSETCATALOG_COMPILER_GLOBAL_ACCENT_COLOR_NAME = AccentColor;
				CODE_SIGN_STYLE = Automatic;
				CURRENT_PROJECT_VERSION = 1;
				DEVELOPMENT_TEAM = 37D4SXVKKL;
				GENERATE_INFOPLIST_FILE = YES;
				INFOPLIST_FILE = dataPassTableView/Info.plist;
				INFOPLIST_KEY_UIApplicationSupportsIndirectInputEvents = YES;
				INFOPLIST_KEY_UILaunchStoryboardName = LaunchScreen;
				INFOPLIST_KEY_UIMainStoryboardFile = Main;
				INFOPLIST_KEY_UISupportedInterfaceOrientations_iPad = "UIInterfaceOrientationPortrait UIInterfaceOrientationPortraitUpsideDown UIInterfaceOrientationLandscapeLeft UIInterfaceOrientationLandscapeRight";
				INFOPLIST_KEY_UISupportedInterfaceOrientations_iPhone = "UIInterfaceOrientationPortrait UIInterfaceOrientationLandscapeLeft UIInterfaceOrientationLandscapeRight";
				IPHONEOS_DEPLOYMENT_TARGET = 15.0;
				LD_RUNPATH_SEARCH_PATHS = (
					"$(inherited)",
					"@executable_path/Frameworks",
				);
				MARKETING_VERSION = 1.0;
				PRODUCT_BUNDLE_IDENTIFIER = "PEPUL-TECH-PRIVATE-LIMITED.dataPassTableView";
				PRODUCT_NAME = "$(TARGET_NAME)";
				SWIFT_EMIT_LOC_STRINGS = YES;
				SWIFT_VERSION = 5.0;
				TARGETED_DEVICE_FAMILY = "1,2";
			};
			name = Release;
		};
/* End XCBuildConfiguration section */

/* Begin XCConfigurationList section */
		152A2B392993A83C00007A42 /* Build configuration list for PBXProject "dataPassTableView" */ = {
			isa = XCConfigurationList;
			buildConfigurations = (
				152A2B502993A83E00007A42 /* Debug */,
				152A2B512993A83E00007A42 /* Release */,
			);
			defaultConfigurationIsVisible = 0;
			defaultConfigurationName = Release;
		};
		152A2B522993A83E00007A42 /* Build configuration list for PBXNativeTarget "dataPassTableView" */ = {
			isa = XCConfigurationList;
			buildConfigurations = (
				152A2B532993A83E00007A42 /* Debug */,
				152A2B542993A83E00007A42 /* Release */,
			);
			defaultConfigurationIsVisible = 0;
			defaultConfigurationName = Release;
		};
/* End XCConfigurationList section */
	};
	rootObject = 152A2B362993A83C00007A42 /* Project object */;
}
